{
  "version": 4,
  "terraform_version": "1.4.6",
  "serial": 43,
  "lineage": "7d500d9c-ab8e-1c52-706e-26c3b5a53c6b",
  "outputs": {},
  "resources": [
    {
      "mode": "managed",
      "type": "airbyte_connection",
      "name": "test_connection",
      "provider": "provider[\"registry.terraform.io/airbytehq/airbyte\"]",
      "instances": [
        {
          "schema_version": 0,
          "attributes": {
            "configurations": {
              "streams": [
                {
                  "cursor_field": [
                    "updated_at"
                  ],
                  "name": "products",
                  "primary_key": null,
                  "sync_mode": "full_refresh_overwrite"
                }
              ]
            },
            "connection_id": "77fd8f09-bfba-4078-9de5-5b9c9d459a9a",
            "data_residency": "auto",
            "destination_id": "4ef6c4ac-9fd5-44db-acee-b5a4956bd33e",
            "name": "Test Connection",
            "namespace_definition": "destination",
            "namespace_format": null,
            "non_breaking_schema_updates_behavior": "ignore",
            "prefix": null,
            "schedule": {
              "basic_timing": null,
              "cron_expression": null,
              "schedule_type": "manual"
            },
            "source_id": "b89364bd-d599-49f5-b2f9-4548c6180b4c",
            "status": "active",
            "workspace_id": "3ccc289d-18f6-4d2c-af12-5996177896d9"
          },
          "sensitive_attributes": [],
          "dependencies": [
            "airbyte_destination_postgres.test_destination_postgres",
            "airbyte_source_faker.test_source_faker",
            "airbyte_workspace.test_workspace"
          ]
        }
      ]
    },
    {
      "mode": "managed",
      "type": "airbyte_destination_postgres",
      "name": "test_destination_postgres",
      "provider": "provider[\"registry.terraform.io/airbytehq/airbyte\"]",
      "instances": [
        {
          "schema_version": 0,
          "attributes": {
            "configuration": {
              "database": "airbyte_faker",
              "destination_type": "postgres",
              "host": "db",
              "jdbc_url_params": "",
              "password": "docker",
              "port": 5432,
              "schema": "public",
              "ssl_mode": {
                "destination_postgres_ssl_modes_allow": {
                  "mode": "allow"
                },
                "destination_postgres_ssl_modes_disable": null,
                "destination_postgres_ssl_modes_prefer": null,
                "destination_postgres_ssl_modes_require": null,
                "destination_postgres_ssl_modes_verify_ca": null,
                "destination_postgres_ssl_modes_verify_full": null,
                "destination_postgres_update_ssl_modes_allow": null,
                "destination_postgres_update_ssl_modes_disable": null,
                "destination_postgres_update_ssl_modes_prefer": null,
                "destination_postgres_update_ssl_modes_require": null,
                "destination_postgres_update_ssl_modes_verify_ca": null,
                "destination_postgres_update_ssl_modes_verify_full": null
              },
              "tunnel_method": {
                "destination_postgres_ssh_tunnel_method_no_tunnel": {
                  "tunnel_method": "NO_TUNNEL"
                },
                "destination_postgres_ssh_tunnel_method_password_authentication": null,
                "destination_postgres_ssh_tunnel_method_ssh_key_authentication": null,
                "destination_postgres_update_ssh_tunnel_method_no_tunnel": null,
                "destination_postgres_update_ssh_tunnel_method_password_authentication": null,
                "destination_postgres_update_ssh_tunnel_method_ssh_key_authentication": null
              },
              "username": "docker"
            },
            "destination_id": "4ef6c4ac-9fd5-44db-acee-b5a4956bd33e",
            "destination_type": "postgres",
            "name": "Test Destination",
            "workspace_id": "3ccc289d-18f6-4d2c-af12-5996177896d9"
          },
          "sensitive_attributes": [],
          "dependencies": [
            "airbyte_workspace.test_workspace"
          ]
        }
      ]
    },
    {
      "mode": "managed",
      "type": "airbyte_source_faker",
      "name": "test_source_faker",
      "provider": "provider[\"registry.terraform.io/airbytehq/airbyte\"]",
      "instances": [
        {
          "schema_version": 0,
          "attributes": {
            "configuration": {
              "always_updated": true,
              "count": 1000,
              "parallelism": 1,
              "records_per_slice": 10,
              "seed": -1,
              "source_type": "faker"
            },
            "name": "Test Source",
            "secret_id": null,
            "source_id": "b89364bd-d599-49f5-b2f9-4548c6180b4c",
            "source_type": "faker",
            "workspace_id": "3ccc289d-18f6-4d2c-af12-5996177896d9"
          },
          "sensitive_attributes": [],
          "dependencies": [
            "airbyte_workspace.test_workspace"
          ]
        }
      ]
    },
    {
      "mode": "managed",
      "type": "airbyte_workspace",
      "name": "test_workspace",
      "provider": "provider[\"registry.terraform.io/airbytehq/airbyte\"]",
      "instances": [
        {
          "schema_version": 0,
          "attributes": {
            "data_residency": "auto",
            "name": "Test Workspace",
            "workspace_id": "3ccc289d-18f6-4d2c-af12-5996177896d9"
          },
          "sensitive_attributes": []
        }
      ]
    }
  ],
  "check_results": null
}
